
Microsoft Visual Studio Solution File, Format Version 12.00
# Visual Studio 15
VisualStudioVersion = 15.0.28307.852
MinimumVisualStudioVersion = 10.0.40219.1
Project("{FAE04EC0-301F-11D3-BF4B-00C04F79EFBC}") = "SOL.Core", "SOL.Core\SOL.Core.csproj", "{2587BF7B-F656-4133-9EFA-BAC2370366E3}"
EndProject
Project("{FAE04EC0-301F-11D3-BF4B-00C04F79EFBC}") = "SOL.Core.Tests", "SOL.Core.Tests\SOL.Core.Tests.csproj", "{87EC0081-E0B2-462D-8DB8-109C6EC7B847}"
EndProject
Global
	GlobalSection(SolutionConfigurationPlatforms) = preSolution
		Debug|Any CPU = Debug|Any CPU
		Release|Any CPU = Release|Any CPU
	EndGlobalSection
	GlobalSection(ProjectConfigurationPlatforms) = postSolution
		{2587BF7B-F656-4133-9EFA-BAC2370366E3}.Debug|Any CPU.ActiveCfg = Debug|Any CPU
		{2587BF7B-F656-4133-9EFA-BAC2370366E3}.Debug|Any CPU.Build.0 = Debug|Any CPU
		{2587BF7B-F656-4133-9EFA-BAC2370366E3}.Release|Any CPU.ActiveCfg = Release|Any CPU
		{2587BF7B-F656-4133-9EFA-BAC2370366E3}.Release|Any CPU.Build.0 = Release|Any CPU
		{87EC0081-E0B2-462D-8DB8-109C6EC7B847}.Debug|Any CPU.ActiveCfg = Debug|Any CPU
		{87EC0081-E0B2-462D-8DB8-109C6EC7B847}.Debug|Any CPU.Build.0 = Debug|Any CPU
		{87EC0081-E0B2-462D-8DB8-109C6EC7B847}.Release|Any CPU.ActiveCfg = Release|Any CPU
		{87EC0081-E0B2-462D-8DB8-109C6EC7B847}.Release|Any CPU.Build.0 = Release|Any CPU
	EndGlobalSection
	GlobalSection(SolutionProperties) = preSolution
		HideSolutionNode = FALSE
	EndGlobalSection
	GlobalSection(ExtensibilityGlobals) = postSolution
		SolutionGuid = {7968ACCD-2F62-4C04-99EC-26DB8EE7ABCF}
	EndGlobalSection
EndGlobal
